
Microsoft Visual Studio Solution File, Format Version 12.00
# Visual Studio Version 17
VisualStudioVersion = 17.8.34330.188
MinimumVisualStudioVersion = 10.0.40219.1
Project("{FAE04EC0-301F-11D3-BF4B-00C04F79EFBC}") = "Zadanie 3", "Zadanie 3.csproj", "{E718CC9E-C390-4ABD-A096-6B8F26A5C883}"
EndProject
Global
	GlobalSection(SolutionConfigurationPlatforms) = preSolution
		Debug|Any CPU = Debug|Any CPU
		Release|Any CPU = Release|Any CPU
	EndGlobalSection
	GlobalSection(ProjectConfigurationPlatforms) = postSolution
		{E718CC9E-C390-4ABD-A096-6B8F26A5C883}.Debug|Any CPU.ActiveCfg = Debug|Any CPU
		{E718CC9E-C390-4ABD-A096-6B8F26A5C883}.Debug|Any CPU.Build.0 = Debug|Any CPU
		{E718CC9E-C390-4ABD-A096-6B8F26A5C883}.Release|Any CPU.ActiveCfg = Release|Any CPU
		{E718CC9E-C390-4ABD-A096-6B8F26A5C883}.Release|Any CPU.Build.0 = Release|Any CPU
	EndGlobalSection
	GlobalSection(SolutionProperties) = preSolution
		HideSolutionNode = FALSE
	EndGlobalSection
	GlobalSection(ExtensibilityGlobals) = postSolution
		SolutionGuid = {4B1BFBE8-8748-4F4E-B19B-16FF2F91FE01}
	EndGlobalSection
EndGlobal
